
Microsoft Visual Studio Solution File, Format Version 12.00
# Visual Studio Version 17
VisualStudioVersion = 17.3.32922.545
MinimumVisualStudioVersion = 10.0.40219.1
Project("{FAE04EC0-301F-11D3-BF4B-00C04F79EFBC}") = "Store System", "Store System\Store System.csproj", "{3A2B7794-0CA9-4A4E-8A6C-FB6A779832A0}"
EndProject
Global
	GlobalSection(SolutionConfigurationPlatforms) = preSolution
		Debug|Any CPU = Debug|Any CPU
		Release|Any CPU = Release|Any CPU
	EndGlobalSection
	GlobalSection(ProjectConfigurationPlatforms) = postSolution
		{3A2B7794-0CA9-4A4E-8A6C-FB6A779832A0}.Debug|Any CPU.ActiveCfg = Debug|Any CPU
		{3A2B7794-0CA9-4A4E-8A6C-FB6A779832A0}.Debug|Any CPU.Build.0 = Debug|Any CPU
		{3A2B7794-0CA9-4A4E-8A6C-FB6A779832A0}.Release|Any CPU.ActiveCfg = Release|Any CPU
		{3A2B7794-0CA9-4A4E-8A6C-FB6A779832A0}.Release|Any CPU.Build.0 = Release|Any CPU
	EndGlobalSection
	GlobalSection(SolutionProperties) = preSolution
		HideSolutionNode = FALSE
	EndGlobalSection
	GlobalSection(ExtensibilityGlobals) = postSolution
		SolutionGuid = {E66D744E-8479-43BF-8011-F4014FBA6734}
	EndGlobalSection
EndGlobal
